PODS:
  - AppAuth (1.7.6):
    - AppAuth/Core (= 1.7.6)
    - AppAuth/ExternalUserAgent (= 1.7.6)
  - AppAuth/Core (1.7.6)
  - AppAuth/ExternalUserAgent (1.7.6):
    - AppAuth/Core
  - Capacitor (6.1.2):
    - CapacitorCordova
  - CapacitorApp (6.0.1):
    - Capacitor
  - CapacitorBlobWriter (0.0.1):
    - Capacitor
    - GCDWebServer (~> 3.0)
  - CapacitorClipboard (6.0.1):
    - Capacitor
  - CapacitorCommunityFileOpener (6.0.0):
    - Capacitor
  - CapacitorCordova (6.1.2)
  - CapacitorDevice (6.0.1):
    - Capacitor
  - CapacitorFilesystem (6.0.1):
    - Capacitor
  - CapacitorFirebaseAuthentication (6.3.1):
    - Capacitor
    - CapacitorFirebaseAuthentication/Lite (= 6.3.1)
    - FirebaseAuth (~> 11.0)
  - CapacitorFirebaseAuthentication/Google (6.3.1):
    - Capacitor
    - FirebaseAuth (~> 11.0)
    - GoogleSignIn (= 7.1.0)
  - CapacitorFirebaseAuthentication/Lite (6.3.1):
    - Capacitor
    - FirebaseAuth (~> 11.0)
  - CapacitorFirebaseCrashlytics (6.3.1):
    - Capacitor
    - FirebaseCrashlytics (~> 11.0)
  - CapacitorFirebasePerformance (6.3.1):
    - Capacitor
    - FirebasePerformance (~> 11.0)
  - CapacitorLocalNotifications (6.1.0):
    - Capacitor
  - CapacitorPushNotifications (6.0.2):
    - Capacitor
  - CapacitorScreenOrientation (6.0.2):
    - Capacitor
  - CapacitorShare (6.0.2):
    - Capacitor
  - CapacitorSplashScreen (6.0.2):
    - Capacitor
  - CapawesomeCapacitorAppUpdate (6.0.0):
    - Capacitor
  - FirebaseABTesting (11.9.0):
    - FirebaseCore (~> 11.9.0)
  - FirebaseAppCheckInterop (11.9.0)
  - FirebaseAuth (11.9.0):
    - FirebaseAppCheckInterop (~> 11.0)
    - FirebaseAuthInterop (~> 11.0)
    - FirebaseCore (~> 11.9.0)
    - FirebaseCoreExtension (~> 11.9.0)
    - GoogleUtilities/AppDelegateSwizzler (~> 8.0)
    - GoogleUtilities/Environment (~> 8.0)
    - GTMSessionFetcher/Core (< 5.0, >= 3.4)
    - RecaptchaInterop (~> 101.0)
  - FirebaseAuthInterop (11.9.0)
  - FirebaseCore (11.9.0):
    - FirebaseCoreInternal (~> 11.9.0)
    - GoogleUtilities/Environment (~> 8.0)
    - GoogleUtilities/Logger (~> 8.0)
  - FirebaseCoreExtension (11.9.0):
    - FirebaseCore (~> 11.9.0)
  - FirebaseCoreInternal (11.9.0):
    - "GoogleUtilities/NSData+zlib (~> 8.0)"
  - FirebaseCrashlytics (11.9.0):
    - FirebaseCore (~> 11.9.0)
    - FirebaseInstallations (~> 11.0)
    - FirebaseRemoteConfigInterop (~> 11.0)
    - FirebaseSessions (~> 11.0)
    - GoogleDataTransport (~> 10.0)
    - GoogleUtilities/Environment (~> 8.0)
    - nanopb (~> 3.30910.0)
    - PromisesObjC (~> 2.4)
  - FirebaseInstallations (11.9.0):
    - FirebaseCore (~> 11.9.0)
    - GoogleUtilities/Environment (~> 8.0)
    - GoogleUtilities/UserDefaults (~> 8.0)
    - PromisesObjC (~> 2.4)
  - FirebasePerformance (11.9.0):
    - FirebaseCore (~> 11.9.0)
    - FirebaseInstallations (~> 11.0)
    - FirebaseRemoteConfig (~> 11.0)
    - FirebaseSessions (~> 11.0)
    - GoogleDataTransport (~> 10.0)
    - GoogleUtilities/Environment (~> 8.0)
    - GoogleUtilities/MethodSwizzler (~> 8.0)
    - GoogleUtilities/UserDefaults (~> 8.0)
    - nanopb (~> 3.30910.0)
  - FirebaseRemoteConfig (11.9.0):
    - FirebaseABTesting (~> 11.0)
    - FirebaseCore (~> 11.9.0)
    - FirebaseInstallations (~> 11.0)
    - FirebaseRemoteConfigInterop (~> 11.0)
    - FirebaseSharedSwift (~> 11.0)
    - GoogleUtilities/Environment (~> 8.0)
    - "GoogleUtilities/NSData+zlib (~> 8.0)"
  - FirebaseRemoteConfigInterop (11.9.0)
  - FirebaseSessions (11.9.0):
    - FirebaseCore (~> 11.9.0)
    - FirebaseCoreExtension (~> 11.9.0)
    - FirebaseInstallations (~> 11.0)
    - GoogleDataTransport (~> 10.0)
    - GoogleUtilities/Environment (~> 8.0)
    - GoogleUtilities/UserDefaults (~> 8.0)
    - nanopb (~> 3.30910.0)
    - PromisesSwift (~> 2.1)
  - FirebaseSharedSwift (11.9.0)
  - GCDWebServer (3.5.4):
    - GCDWebServer/Core (= 3.5.4)
  - GCDWebServer/Core (3.5.4)
  - GoogleDataTransport (10.1.0):
    - nanopb (~> 3.30910.0)
    - PromisesObjC (~> 2.4)
  - GoogleSignIn (7.1.0):
    - AppAuth (< 2.0, >= 1.7.3)
    - GTMAppAuth (< 5.0, >= 4.1.1)
    - GTMSessionFetcher/Core (~> 3.3)
  - GoogleUtilities/AppDelegateSwizzler (8.0.2):
    - GoogleUtilities/Environment
    - GoogleUtilities/Logger
    - GoogleUtilities/Network
    - GoogleUtilities/Privacy
  - GoogleUtilities/Environment (8.0.2):
    - GoogleUtilities/Privacy
  - GoogleUtilities/Logger (8.0.2):
    - GoogleUtilities/Environment
    - GoogleUtilities/Privacy
  - GoogleUtilities/MethodSwizzler (8.0.2):
    - GoogleUtilities/Logger
    - GoogleUtilities/Privacy
  - GoogleUtilities/Network (8.0.2):
    - GoogleUtilities/Logger
    - "GoogleUtilities/NSData+zlib"
    - GoogleUtilities/Privacy
    - GoogleUtilities/Reachability
  - "GoogleUtilities/NSData+zlib (8.0.2)":
    - GoogleUtilities/Privacy
  - GoogleUtilities/Privacy (8.0.2)
  - GoogleUtilities/Reachability (8.0.2):
    - GoogleUtilities/Logger
    - GoogleUtilities/Privacy
  - GoogleUtilities/UserDefaults (8.0.2):
    - GoogleUtilities/Logger
    - GoogleUtilities/Privacy
  - GTMAppAuth (4.1.1):
    - AppAuth/Core (~> 1.7)
    - GTMSessionFetcher/Core (< 4.0, >= 3.3)
  - GTMSessionFetcher/Core (3.5.0)
  - nanopb (3.30910.0):
    - nanopb/decode (= 3.30910.0)
    - nanopb/encode (= 3.30910.0)
  - nanopb/decode (3.30910.0)
  - nanopb/encode (3.30910.0)
  - PromisesObjC (2.4.0)
  - PromisesSwift (2.4.0):
    - PromisesObjC (= 2.4.0)
  - RecaptchaInterop (101.0.0)

DEPENDENCIES:
  - "Capacitor (from `../../node_modules/@capacitor/ios`)"
  - "CapacitorApp (from `../../node_modules/@capacitor/app`)"
  - CapacitorBlobWriter (from `../../node_modules/capacitor-blob-writer`)
  - "CapacitorClipboard (from `../../node_modules/@capacitor/clipboard`)"
  - "CapacitorCommunityFileOpener (from `../../node_modules/@capacitor-community/file-opener`)"
  - "CapacitorCordova (from `../../node_modules/@capacitor/ios`)"
  - "CapacitorDevice (from `../../node_modules/@capacitor/device`)"
  - "CapacitorFilesystem (from `../../node_modules/@capacitor/filesystem`)"
  - "CapacitorFirebaseAuthentication (from `../../node_modules/@capacitor-firebase/authentication`)"
  - "CapacitorFirebaseAuthentication/Google (from `../../node_modules/@capacitor-firebase/authentication`)"
  - "CapacitorFirebaseCrashlytics (from `../../node_modules/@capacitor-firebase/crashlytics`)"
  - "CapacitorFirebasePerformance (from `../../node_modules/@capacitor-firebase/performance`)"
  - "CapacitorLocalNotifications (from `../../node_modules/@capacitor/local-notifications`)"
  - "CapacitorPushNotifications (from `../../node_modules/@capacitor/push-notifications`)"
  - "CapacitorScreenOrientation (from `../../node_modules/@capacitor/screen-orientation`)"
  - "CapacitorShare (from `../../node_modules/@capacitor/share`)"
  - "CapacitorSplashScreen (from `../../node_modules/@capacitor/splash-screen`)"
  - "CapawesomeCapacitorAppUpdate (from `../../node_modules/@capawesome/capacitor-app-update`)"
  - FirebaseCore (~> 11)

SPEC REPOS:
  trunk:
    - AppAuth
    - FirebaseABTesting
    - FirebaseAppCheckInterop
    - FirebaseAuth
    - FirebaseAuthInterop
    - FirebaseCore
    - FirebaseCoreExtension
    - FirebaseCoreInternal
    - FirebaseCrashlytics
    - FirebaseInstallations
    - FirebasePerformance
    - FirebaseRemoteConfig
    - FirebaseRemoteConfigInterop
    - FirebaseSessions
    - FirebaseSharedSwift
    - GCDWebServer
    - GoogleDataTransport
    - GoogleSignIn
    - GoogleUtilities
    - GTMAppAuth
    - GTMSessionFetcher
    - nanopb
    - PromisesObjC
    - PromisesSwift
    - RecaptchaInterop

EXTERNAL SOURCES:
  Capacitor:
    :path: "../../node_modules/@capacitor/ios"
  CapacitorApp:
    :path: "../../node_modules/@capacitor/app"
  CapacitorBlobWriter:
    :path: "../../node_modules/capacitor-blob-writer"
  CapacitorClipboard:
    :path: "../../node_modules/@capacitor/clipboard"
  CapacitorCommunityFileOpener:
    :path: "../../node_modules/@capacitor-community/file-opener"
  CapacitorCordova:
    :path: "../../node_modules/@capacitor/ios"
  CapacitorDevice:
    :path: "../../node_modules/@capacitor/device"
  CapacitorFilesystem:
    :path: "../../node_modules/@capacitor/filesystem"
  CapacitorFirebaseAuthentication:
    :path: "../../node_modules/@capacitor-firebase/authentication"
  CapacitorFirebaseCrashlytics:
    :path: "../../node_modules/@capacitor-firebase/crashlytics"
  CapacitorFirebasePerformance:
    :path: "../../node_modules/@capacitor-firebase/performance"
  CapacitorLocalNotifications:
    :path: "../../node_modules/@capacitor/local-notifications"
  CapacitorPushNotifications:
    :path: "../../node_modules/@capacitor/push-notifications"
  CapacitorScreenOrientation:
    :path: "../../node_modules/@capacitor/screen-orientation"
  CapacitorShare:
    :path: "../../node_modules/@capacitor/share"
  CapacitorSplashScreen:
    :path: "../../node_modules/@capacitor/splash-screen"
  CapawesomeCapacitorAppUpdate:
    :path: "../../node_modules/@capawesome/capacitor-app-update"

SPEC CHECKSUMS:
  AppAuth: d4f13a8fe0baf391b2108511793e4b479691fb73
  Capacitor: 69c7f687aabb8d85e543497411e40638b5cc08c0
  CapacitorApp: f51c08c64df914fc934239fd1b3fc809d62a02f6
  CapacitorBlobWriter: d709e5d22ab9989afd730eb4773873d1ded5fd08
  CapacitorClipboard: 0ceeee488e55bef7cced5c8097d97f330c109f61
  CapacitorCommunityFileOpener: 9ecacf2890e193334c091205c547f93ba285bde4
  CapacitorCordova: f48c89f96c319101cd2f0ce8a2b7449b5fb8b3dd
  CapacitorDevice: da1884f895e17992648b27f6c8ee2be72cd0ce2e
  CapacitorFilesystem: 30941c0fea0773fcaedab18e262b339f5b9c06bc
  CapacitorFirebaseAuthentication: 2c43a65f88e30842dbf83f38dfb25d8076dce529
  CapacitorFirebaseCrashlytics: 2457f3d327691b5cad6dff93bb59b84ab7c2fa08
  CapacitorFirebasePerformance: 0f3a74cb94b076493bc3796397cfe987fd15b141
  CapacitorLocalNotifications: 6003db784d552d39055b4401c138e2971c2d831b
  CapacitorPushNotifications: 88f40c5f06dfe54f2c0619173e11ecbff8661a2f
  CapacitorScreenOrientation: d0947c3ef3ff3a0852f8721fa0b19a31d4967cae
  CapacitorShare: 5d49f1b220e991372b4d5d34be9a6080a042bae4
  CapacitorSplashScreen: b46e61cc4345d73d510530b0c845a30e3602db40
  CapawesomeCapacitorAppUpdate: 08a91f5be8dc99ad336fe131d3b011b7acb49c22
  FirebaseABTesting: 7edd6acbd2b75ed72bd7c4d4957ee57914eafc9b
  FirebaseAppCheckInterop: 9226f7217b43e99dfa0bc9f674ad8108cef89feb
  FirebaseAuth: 8eebb43f35cd2c1bb1981e3cef27c45617b85316
  FirebaseAuthInterop: 2a26ee1bea6d47df8048683cfa071e7da657798f
  FirebaseCore: 7cfcf7e8b33985c06478fd2b96e2f7101eb61a1c
  FirebaseCoreExtension: b35fed507db40e6224fe36b163d34d18147da368
  FirebaseCoreInternal: 154779013b85b4b290fdba38414df475f42e3096
  FirebaseCrashlytics: 2eb9e0a0fc7394ae28825ca8ee18ca24452663cd
  FirebaseInstallations: c76d4931a485fc0cc2dc1d62d3ed0369846ea4b8
  FirebasePerformance: 954de962f256dc475a16e307276c92b849e61932
  FirebaseRemoteConfig: 69a9fa23e134776ec99b2bef3ce7804aab7956ea
  FirebaseRemoteConfigInterop: 710954a00e956c5fe5144a8e46164f0361389203
  FirebaseSessions: 0a5e23cc8cfb84a4f6b7914b08aaaaac31ae5e58
  FirebaseSharedSwift: 574e6a5602afe4397a55c8d4f767382d620285de
  GCDWebServer: 2c156a56c8226e2d5c0c3f208a3621ccffbe3ce4
  GoogleDataTransport: aae35b7ea0c09004c3797d53c8c41f66f219d6a7
  GoogleSignIn: d4281ab6cf21542b1cfaff85c191f230b399d2db
  GoogleUtilities: 26a3abef001b6533cf678d3eb38fd3f614b7872d
  GTMAppAuth: f69bd07d68cd3b766125f7e072c45d7340dea0de
  GTMSessionFetcher: 5aea5ba6bd522a239e236100971f10cb71b96ab6
  nanopb: fad817b59e0457d11a5dfbde799381cd727c1275
  PromisesObjC: f5707f49cb48b9636751c5b2e7d227e43fba9f47
  PromisesSwift: 9d77319bbe72ebf6d872900551f7eeba9bce2851
  RecaptchaInterop: 11e0b637842dfb48308d242afc3f448062325aba

PODFILE CHECKSUM: dc004f7fd4d7b852c4b74cb5c22bcde7e163d76d

COCOAPODS: 1.16.2
