PODS:
  - Capacitor (6.1.2):
    - CapacitorCordova
  - CapacitorApp (6.0.1):
    - Capacitor
  - CapacitorBlobWriter (0.0.1):
    - Capacitor
    - GCDWebServer (~> 3.0)
  - CapacitorClipboard (6.0.1):
    - Capacitor
  - CapacitorCommunityFileOpener (1.0.5):
    - Capacitor
  - CapacitorCordova (6.1.2)
  - CapacitorDevice (6.0.1):
    - Capacitor
  - CapacitorFilesystem (6.0.1):
    - Capacitor
  - CapacitorFirebaseAuthentication (5.4.0):
    - Capacitor
    - CapacitorFirebaseAuthentication/Lite (= 5.4.0)
    - FirebaseAuth (~> 10.8)
  - CapacitorFirebaseAuthentication/Lite (5.4.0):
    - Capacitor
    - FirebaseAuth (~> 10.8)
  - CapacitorFirebaseCrashlytics (5.4.1):
    - Capacitor
    - FirebaseCrashlytics (~> 10.8)
  - CapacitorFirebasePerformance (5.4.0):
    - Capacitor
    - FirebasePerformance (~> 10.8)
  - CapacitorLocalNotifications (6.1.0):
    - Capacitor
  - CapacitorPushNotifications (6.0.2):
    - Capacitor
  - CapacitorShare (6.0.2):
    - Capacitor
  - CapacitorSplashScreen (6.0.2):
    - Capacitor
  - CapawesomeCapacitorAppUpdate (5.1.0):
    - Capacitor
  - FirebaseABTesting (10.22.0):
    - FirebaseCore (~> 10.0)
  - FirebaseAppCheckInterop (10.22.0)
  - FirebaseAuth (10.22.0):
    - FirebaseAppCheckInterop (~> 10.17)
    - FirebaseCore (~> 10.0)
    - GoogleUtilities/AppDelegateSwizzler (~> 7.8)
    - GoogleUtilities/Environment (~> 7.8)
    - GTMSessionFetcher/Core (< 4.0, >= 2.1)
    - RecaptchaInterop (~> 100.0)
  - FirebaseCore (10.22.0):
    - FirebaseCoreInternal (~> 10.0)
    - GoogleUtilities/Environment (~> 7.12)
    - GoogleUtilities/Logger (~> 7.12)
  - FirebaseCoreExtension (10.22.0):
    - FirebaseCore (~> 10.0)
  - FirebaseCoreInternal (10.22.0):
    - "GoogleUtilities/NSData+zlib (~> 7.8)"
  - FirebaseCrashlytics (10.22.0):
    - FirebaseCore (~> 10.5)
    - FirebaseInstallations (~> 10.0)
    - FirebaseSessions (~> 10.5)
    - GoogleDataTransport (~> 9.2)
    - GoogleUtilities/Environment (~> 7.8)
    - nanopb (< 2.30911.0, >= 2.30908.0)
    - PromisesObjC (~> 2.1)
  - FirebaseInstallations (10.22.0):
    - FirebaseCore (~> 10.0)
    - GoogleUtilities/Environment (~> 7.8)
    - GoogleUtilities/UserDefaults (~> 7.8)
    - PromisesObjC (~> 2.1)
  - FirebasePerformance (10.22.0):
    - FirebaseCore (~> 10.5)
    - FirebaseInstallations (~> 10.0)
    - FirebaseRemoteConfig (~> 10.0)
    - FirebaseSessions (~> 10.5)
    - GoogleDataTransport (~> 9.2)
    - GoogleUtilities/Environment (~> 7.8)
    - GoogleUtilities/ISASwizzler (~> 7.8)
    - GoogleUtilities/MethodSwizzler (~> 7.8)
    - nanopb (< 2.30911.0, >= 2.30908.0)
  - FirebaseRemoteConfig (10.22.0):
    - FirebaseABTesting (~> 10.0)
    - FirebaseCore (~> 10.0)
    - FirebaseInstallations (~> 10.0)
    - FirebaseSharedSwift (~> 10.0)
    - GoogleUtilities/Environment (~> 7.8)
    - "GoogleUtilities/NSData+zlib (~> 7.8)"
  - FirebaseSessions (10.22.0):
    - FirebaseCore (~> 10.5)
    - FirebaseCoreExtension (~> 10.0)
    - FirebaseInstallations (~> 10.0)
    - GoogleDataTransport (~> 9.2)
    - GoogleUtilities/Environment (~> 7.10)
    - nanopb (< 2.30911.0, >= 2.30908.0)
    - PromisesSwift (~> 2.1)
  - FirebaseSharedSwift (10.22.0)
  - GCDWebServer (3.5.4):
    - GCDWebServer/Core (= 3.5.4)
  - GCDWebServer/Core (3.5.4)
  - GoogleDataTransport (9.4.1):
    - GoogleUtilities/Environment (~> 7.7)
    - nanopb (< 2.30911.0, >= 2.30908.0)
    - PromisesObjC (< 3.0, >= 1.2)
  - GoogleUtilities/AppDelegateSwizzler (7.13.0):
    - GoogleUtilities/Environment
    - GoogleUtilities/Logger
    - GoogleUtilities/Network
    - GoogleUtilities/Privacy
  - GoogleUtilities/Environment (7.13.0):
    - GoogleUtilities/Privacy
    - PromisesObjC (< 3.0, >= 1.2)
  - GoogleUtilities/ISASwizzler (7.13.0):
    - GoogleUtilities/Privacy
  - GoogleUtilities/Logger (7.13.0):
    - GoogleUtilities/Environment
    - GoogleUtilities/Privacy
  - GoogleUtilities/MethodSwizzler (7.13.0):
    - GoogleUtilities/Logger
    - GoogleUtilities/Privacy
  - GoogleUtilities/Network (7.13.0):
    - GoogleUtilities/Logger
    - "GoogleUtilities/NSData+zlib"
    - GoogleUtilities/Privacy
    - GoogleUtilities/Reachability
  - "GoogleUtilities/NSData+zlib (7.13.0)":
    - GoogleUtilities/Privacy
  - GoogleUtilities/Privacy (7.13.0)
  - GoogleUtilities/Reachability (7.13.0):
    - GoogleUtilities/Logger
    - GoogleUtilities/Privacy
  - GoogleUtilities/UserDefaults (7.13.0):
    - GoogleUtilities/Logger
    - GoogleUtilities/Privacy
  - GTMSessionFetcher/Core (3.3.1)
  - nanopb (2.30910.0):
    - nanopb/decode (= 2.30910.0)
    - nanopb/encode (= 2.30910.0)
  - nanopb/decode (2.30910.0)
  - nanopb/encode (2.30910.0)
  - PromisesObjC (2.4.0)
  - PromisesSwift (2.4.0):
    - PromisesObjC (= 2.4.0)
  - RecaptchaInterop (100.0.0)

DEPENDENCIES:
  - "Capacitor (from `../../node_modules/@capacitor/ios`)"
  - "CapacitorApp (from `../../node_modules/@capacitor/app`)"
  - CapacitorBlobWriter (from `../../node_modules/capacitor-blob-writer`)
  - "CapacitorClipboard (from `../../node_modules/@capacitor/clipboard`)"
  - "CapacitorCommunityFileOpener (from `../../node_modules/@capacitor-community/file-opener`)"
  - "CapacitorCordova (from `../../node_modules/@capacitor/ios`)"
  - "CapacitorDevice (from `../../node_modules/@capacitor/device`)"
  - "CapacitorFilesystem (from `../../node_modules/@capacitor/filesystem`)"
  - "CapacitorFirebaseAuthentication (from `../../node_modules/@capacitor-firebase/authentication`)"
  - "CapacitorFirebaseCrashlytics (from `../../node_modules/@capacitor-firebase/crashlytics`)"
  - "CapacitorFirebasePerformance (from `../../node_modules/@capacitor-firebase/performance`)"
  - "CapacitorLocalNotifications (from `../../node_modules/@capacitor/local-notifications`)"
  - "CapacitorPushNotifications (from `../../node_modules/@capacitor/push-notifications`)"
  - "CapacitorShare (from `../../node_modules/@capacitor/share`)"
  - "CapacitorSplashScreen (from `../../node_modules/@capacitor/splash-screen`)"
  - "CapawesomeCapacitorAppUpdate (from `../../node_modules/@capawesome/capacitor-app-update`)"
  - FirebaseCore (~> 10)

SPEC REPOS:
  trunk:
    - FirebaseABTesting
    - FirebaseAppCheckInterop
    - FirebaseAuth
    - FirebaseCore
    - FirebaseCoreExtension
    - FirebaseCoreInternal
    - FirebaseCrashlytics
    - FirebaseInstallations
    - FirebasePerformance
    - FirebaseRemoteConfig
    - FirebaseSessions
    - FirebaseSharedSwift
    - GCDWebServer
    - GoogleDataTransport
    - GoogleUtilities
    - GTMSessionFetcher
    - nanopb
    - PromisesObjC
    - PromisesSwift
    - RecaptchaInterop

EXTERNAL SOURCES:
  Capacitor:
    :path: "../../node_modules/@capacitor/ios"
  CapacitorApp:
    :path: "../../node_modules/@capacitor/app"
  CapacitorBlobWriter:
    :path: "../../node_modules/capacitor-blob-writer"
  CapacitorClipboard:
    :path: "../../node_modules/@capacitor/clipboard"
  CapacitorCommunityFileOpener:
    :path: "../../node_modules/@capacitor-community/file-opener"
  CapacitorCordova:
    :path: "../../node_modules/@capacitor/ios"
  CapacitorDevice:
    :path: "../../node_modules/@capacitor/device"
  CapacitorFilesystem:
    :path: "../../node_modules/@capacitor/filesystem"
  CapacitorFirebaseAuthentication:
    :path: "../../node_modules/@capacitor-firebase/authentication"
  CapacitorFirebaseCrashlytics:
    :path: "../../node_modules/@capacitor-firebase/crashlytics"
  CapacitorFirebasePerformance:
    :path: "../../node_modules/@capacitor-firebase/performance"
  CapacitorLocalNotifications:
    :path: "../../node_modules/@capacitor/local-notifications"
  CapacitorPushNotifications:
    :path: "../../node_modules/@capacitor/push-notifications"
  CapacitorShare:
    :path: "../../node_modules/@capacitor/share"
  CapacitorSplashScreen:
    :path: "../../node_modules/@capacitor/splash-screen"
  CapawesomeCapacitorAppUpdate:
    :path: "../../node_modules/@capawesome/capacitor-app-update"

SPEC CHECKSUMS:
  Capacitor: 679f9673fdf30597493a6362a5d5bf233d46abc2
  CapacitorApp: 0bc633b4eae40a1f32cd2834788fad3bc42da6a1
  CapacitorBlobWriter: 110eeaf80611f19bf01a8a05ff3672149ed0baad
  CapacitorClipboard: 756cd7e83e8d5d19b0c74f40b57517c287bd5fe2
  CapacitorCommunityFileOpener: 8ae87db61961a6166cb929cc16e3cc719ea58da1
  CapacitorCordova: f48c89f96c319101cd2f0ce8a2b7449b5fb8b3dd
  CapacitorDevice: 7097a1deb4224b77fd13a6e60a355d0062a5d772
  CapacitorFilesystem: 37fb3aa5c945b4539ab11c74a5c57925a302bf24
  CapacitorFirebaseAuthentication: 64eaf9727b8f29f84069595ddc239c8e5365f49a
  CapacitorFirebaseCrashlytics: 643d7e63836ae9608e10b9c3e40dfbae8679589e
  CapacitorFirebasePerformance: 964b215796522c83767a78ad629b9581558b391a
  CapacitorLocalNotifications: 6bac9e948b2b8852506c6d74abb2cde140250f86
  CapacitorPushNotifications: ccd797926c030acad3d5498ef452c735c90a2c89
  CapacitorShare: 591ae4693d85686ceb590db8e8b44aa014ec6490
  CapacitorSplashScreen: 250df9ef8014fac5c7c1fd231f0f8b1d8f0b5624
  CapawesomeCapacitorAppUpdate: 04f2c4b7942ccc72a86bcd553ab3c546df422838
  FirebaseABTesting: 66d2594b36d4ff6e7d3c8719802100990de05857
  FirebaseAppCheckInterop: 58db3e9494751399cf3e7b7e3e705cff71099153
  FirebaseAuth: bbe4c68f958504ba9e54aee181adbdf5b664fbc6
  FirebaseCore: 0326ec9b05fbed8f8716cddbf0e36894a13837f7
  FirebaseCoreExtension: 6394c00b887d0bebadbc7049c464aa0cbddc5d41
  FirebaseCoreInternal: bca337352024b18424a61e478460547d46c4c753
  FirebaseCrashlytics: e568d68ce89117c80cddb04073ab9018725fbb8c
  FirebaseInstallations: 763814908793c0da14c18b3dcffdec71e29ed55e
  FirebasePerformance: 095debad1fc8d7d73148a835fcaec9e528946166
  FirebaseRemoteConfig: e1b992a94d3674dddbcaf5d0d31a0312156ceb1c
  FirebaseSessions: cd97fb07674f3906619c871eefbd260a1546c9d3
  FirebaseSharedSwift: 48076404e6e52372290d15a07d2ed1d2f1754023
  GCDWebServer: 2c156a56c8226e2d5c0c3f208a3621ccffbe3ce4
  GoogleDataTransport: 6c09b596d841063d76d4288cc2d2f42cc36e1e2a
  GoogleUtilities: d053d902a8edaa9904e1bd00c37535385b8ed152
  GTMSessionFetcher: 8a1b34ad97ebe6f909fb8b9b77fba99943007556
  nanopb: 438bc412db1928dac798aa6fd75726007be04262
  PromisesObjC: f5707f49cb48b9636751c5b2e7d227e43fba9f47
  PromisesSwift: 9d77319bbe72ebf6d872900551f7eeba9bce2851
  RecaptchaInterop: 7d1a4a01a6b2cb1610a47ef3f85f0c411434cb21

PODFILE CHECKSUM: a6362e50008bd5aea904cdd9ec858da94a7f155c

COCOAPODS: 1.15.2
